{
  "version": 4,
  "terraform_version": "1.13.1",
  "serial": 133,
  "lineage": "dc6f3689-60b0-598f-95a7-6b30d576345a",
  "outputs": {
    "api_endpoint": {
      "value": "https://olupyd1i4a.execute-api.eu-west-1.amazonaws.com/dev",
      "type": "string"
    },
    "cognito_client_id": {
      "value": "4n2o4ic00tjv92jcmef22u679a",
      "type": "string"
    },
    "cognito_domain": {
      "value": "pw16-dev",
      "type": "string"
    },
    "cognito_hosted_ui_url": {
      "value": "https://pw16-dev.auth.eu-west-1.amazoncognito.com",
      "type": "string"
    },
    "cognito_user_pool_id": {
      "value": "eu-west-1_0spmBx3ZJ",
      "type": "string"
    },
    "dynamodb_table_arn": {
      "value": "arn:aws:dynamodb:eu-west-1:772012299168:table/pw16-dev-reservations",
      "type": "string"
    },
    "dynamodb_table_name": {
      "value": "pw16-dev-reservations",
      "type": "string"
    }
  },
  "resources": [
    {
      "module": "module.apigw",
      "mode": "data",
      "type": "archive_file",
      "name": "active_reservation_zip",
      "provider": "provider[\"registry.terraform.io/hashicorp/archive\"]",
      "instances": [
        {
          "schema_version": 0,
          "attributes": {
            "exclude_symlink_directories": null,
            "excludes": null,
            "id": "2fe9ffbaa9eeaa887fd8763d8feebc04d32aff55",
            "output_base64sha256": "KxhfHpvM4sxrrxVQEQqqbhYBJp5p6pgG8zYf8SjAIzU=",
            "output_base64sha512": "dbtONnJ24ZR2o6KGUNId20vDk3mLQtvxnJZ+bG8tR/ZUiqNtkJfeYfeZ9b0kTYGCQ7i0hpMkHDRZccKwpcT1xw==",
            "output_file_mode": null,
            "output_md5": "2f5e2c00ff85325845bea7eaaf0f9bae",
            "output_path": "apigw/lambda/active_reservation.zip",
            "output_sha": "2fe9ffbaa9eeaa887fd8763d8feebc04d32aff55",
            "output_sha256": "2b185f1e9bcce2cc6baf1550110aaa6e1601269e69ea9806f3361ff128c02335",
            "output_sha512": "75bb4e367276e19476a3a28650d21ddb4bc393798b42dbf19c967e6c6f2d47f6548aa36d9097de61f799f5bd244d818243b8b48693241c345971c2b0a5c4f5c7",
            "output_size": 1427,
            "source": [],
            "source_content": null,
            "source_content_filename": null,
            "source_dir": "apigw/lambda/active_reservation/dist",
            "source_file": null,
            "type": "zip"
          },
          "sensitive_attributes": [],
          "identity_schema_version": 0
        }
      ]
    },
    {
      "module": "module.apigw",
      "mode": "data",
      "type": "archive_file",
      "name": "cancel_reservation_zip",
      "provider": "provider[\"registry.terraform.io/hashicorp/archive\"]",
      "instances": [
        {
          "schema_version": 0,
          "attributes": {
            "exclude_symlink_directories": null,
            "excludes": null,
            "id": "0ac44bcaee879a9459c90876e1e3499db1c26a42",
            "output_base64sha256": "ercks7aNg2vL4CHgyl++kPv/HNU0nAANRLwBY40YU3c=",
            "output_base64sha512": "ZWIGI7A6hQ7WsYfylTL7cQSNb4D+MDkVBf36xneRiR4f70OKfSb4PVbdfENAvqeDM/DgHwhSfRk+DVpYXebSfA==",
            "output_file_mode": null,
            "output_md5": "c1f6a1b8e20423d6cbc7588d26b4d88d",
            "output_path": "apigw/lambda/cancel_reservation.zip",
            "output_sha": "0ac44bcaee879a9459c90876e1e3499db1c26a42",
            "output_sha256": "7ab724b3b68d836bcbe021e0ca5fbe90fbff1cd5349c000d44bc01638d185377",
            "output_sha512": "65620623b03a850ed6b187f29532fb71048d6f80fe30391505fdfac67791891e1fef438a7d26f83d56dd7c4340bea78333f0e01f08527d193e0d5a585de6d27c",
            "output_size": 1303,
            "source": [],
            "source_content": null,
            "source_content_filename": null,
            "source_dir": "apigw/lambda/cancel_reservation/dist",
            "source_file": null,
            "type": "zip"
          },
          "sensitive_attributes": [],
          "identity_schema_version": 0
        }
      ]
    },
    {
      "module": "module.apigw",
      "mode": "data",
      "type": "archive_file",
      "name": "create_reservation_zip",
      "provider": "provider[\"registry.terraform.io/hashicorp/archive\"]",
      "instances": [
        {
          "schema_version": 0,
          "attributes": {
            "exclude_symlink_directories": null,
            "excludes": null,
            "id": "1ca6830e382ba8164b852f6d2c0da1458c8bd2d1",
            "output_base64sha256": "IZxOo0lQ+UlngVOmBJg+PPc5X2qwDUyZLI5UOEGQZcw=",
            "output_base64sha512": "0Jf+hwY3S2S1VNMJD1brwnUvn3Ib6scRatgF3Uvu358glPbERdsqieEkJNwJxFKw7fcfMfIVa5j7ln2RDZyg5Q==",
            "output_file_mode": null,
            "output_md5": "cefb5f7087687d0d0d84886592f11ea0",
            "output_path": "apigw/lambda/create_reservation.zip",
            "output_sha": "1ca6830e382ba8164b852f6d2c0da1458c8bd2d1",
            "output_sha256": "219c4ea34950f949678153a604983e3cf7395f6ab00d4c992c8e5438419065cc",
            "output_sha512": "d097fe8706374b64b554d3090f56ebc2752f9f721beac7116ad805dd4beedf9f2094f6c445db2a89e12424dc09c452b0edf71f31f2156b98fb967d910d9ca0e5",
            "output_size": 1524,
            "source": [],
            "source_content": null,
            "source_content_filename": null,
            "source_dir": "apigw/lambda/create_reservation/dist",
            "source_file": null,
            "type": "zip"
          },
          "sensitive_attributes": [],
          "identity_schema_version": 0
        }
      ]
    },
    {
      "module": "module.apigw",
      "mode": "data",
      "type": "archive_file",
      "name": "list_reservations_zip",
      "provider": "provider[\"registry.terraform.io/hashicorp/archive\"]",
      "instances": [
        {
          "schema_version": 0,
          "attributes": {
            "exclude_symlink_directories": null,
            "excludes": null,
            "id": "49450707f58ec8cdd3aff7ddee42eea2584118d8",
            "output_base64sha256": "It0LIatW/bj5IBH10wLTCWt+nh0ubdM4NoQy5tFfubQ=",
            "output_base64sha512": "3Tf08ZqAiPbMohfI9uCbLM3ooRlS1bNYqmeoVOvCkRGrYYjsFuNt2682ZOzXexpbkGVno8sgb3c8X0KxZ5+iGw==",
            "output_file_mode": null,
            "output_md5": "610e431ae82d3da55590459757c2a787",
            "output_path": "apigw/lambda/list_reservations.zip",
            "output_sha": "49450707f58ec8cdd3aff7ddee42eea2584118d8",
            "output_sha256": "22dd0b21ab56fdb8f92011f5d302d3096b7e9e1d2e6dd338368432e6d15fb9b4",
            "output_sha512": "dd37f4f19a8088f6cca217c8f6e09b2ccde8a11952d5b358aa67a854ebc29111ab6188ec16e36ddbaf3664ecd77b1a5b906567a3cb206f773c5f42b1679fa21b",
            "output_size": 1613,
            "source": [],
            "source_content": null,
            "source_content_filename": null,
            "source_dir": "apigw/lambda/list_reservations/dist",
            "source_file": null,
            "type": "zip"
          },
          "sensitive_attributes": [],
          "identity_schema_version": 0
        }
      ]
    },
    {
      "module": "module.apigw",
      "mode": "data",
      "type": "archive_file",
      "name": "upload_document_zip",
      "provider": "provider[\"registry.terraform.io/hashicorp/archive\"]",
      "instances": [
        {
          "schema_version": 0,
          "attributes": {
            "exclude_symlink_directories": null,
            "excludes": null,
            "id": "f40300c33c9baf0fe0e8ad36da1a69a9f8000599",
            "output_base64sha256": "SVTf5YH9TA1uOFNvZxY6TJqugyQvHdxjnsz/e2yyqVI=",
            "output_base64sha512": "2fOTIm6xBcQ4/0JpUxsqpN2G+KyQB343EYvOcuh55Mc0LKmisclerdu77AC7EGe+RwVKaprG2sWD5pDBw9bjww==",
            "output_file_mode": null,
            "output_md5": "a6ceec6eeb421800497dc734d75548ac",
            "output_path": "apigw/lambda/upload_document.zip",
            "output_sha": "f40300c33c9baf0fe0e8ad36da1a69a9f8000599",
            "output_sha256": "4954dfe581fd4c0d6e38536f67163a4c9aae83242f1ddc639eccff7b6cb2a952",
            "output_sha512": "d9f393226eb105c438ff4269531b2aa4dd86f8ac90077e37118bce72e879e4c7342ca9a2b1c95eaddbbbec00bb1067be47054a6a9ac6dac583e690c1c3d6e3c3",
            "output_size": 1912,
            "source": [],
            "source_content": null,
            "source_content_filename": null,
            "source_dir": "apigw/lambda/upload_document/dist",
            "source_file": null,
            "type": "zip"
          },
          "sensitive_attributes": [],
          "identity_schema_version": 0
        }
      ]
    },
    {
      "module": "module.apigw",
      "mode": "managed",
      "type": "aws_api_gateway_deployment",
      "name": "deployment",
      "provider": "provider[\"registry.terraform.io/hashicorp/aws\"]",
      "instances": [
        {
          "schema_version": 0,
          "attributes": {
            "canary_settings": [],
            "created_date": "2026-01-25T19:37:13Z",
            "description": "",
            "execution_arn": "arn:aws:execute-api:eu-west-1:772012299168:olupyd1i4a/",
            "id": "o3fgjt",
            "invoke_url": "https://olupyd1i4a.execute-api.eu-west-1.amazonaws.com/",
            "rest_api_id": "olupyd1i4a",
            "stage_description": null,
            "stage_name": null,
            "triggers": {
              "redeployment": "6696bfac4e483843664fa5bb12a8b6cfd677d896"
            },
            "variables": null
          },
          "sensitive_attributes": [],
          "identity_schema_version": 0,
          "private": "bnVsbA==",
          "dependencies": [
            "module.apigw.aws_api_gateway_rest_api.reservation_api",
            "module.apigw.aws_iam_role.lambda_role",
            "module.apigw.aws_lambda_function.active_reservation",
            "module.apigw.aws_lambda_function.cancel_reservation",
            "module.apigw.aws_lambda_function.create_reservation",
            "module.apigw.aws_lambda_function.list_reservations",
            "module.apigw.aws_lambda_function.upload_document",
            "module.apigw.data.archive_file.active_reservation_zip",
            "module.apigw.data.archive_file.cancel_reservation_zip",
            "module.apigw.data.archive_file.create_reservation_zip",
            "module.apigw.data.archive_file.list_reservations_zip",
            "module.apigw.data.archive_file.upload_document_zip",
            "module.apigw.null_resource.build_active_reservation",
            "module.apigw.null_resource.build_cancel_reservation",
            "module.apigw.null_resource.build_create_reservation",
            "module.apigw.null_resource.build_list_reservations",
            "module.apigw.null_resource.build_upload_document",
            "module.cognito.aws_cognito_user_pool.main",
            "module.dynamodb.aws_dynamodb_table.reservations"
          ],
          "create_before_destroy": true
        }
      ]
    },
    {
      "module": "module.apigw",
      "mode": "managed",
      "type": "aws_api_gateway_gateway_response",
      "name": "cors_4xx",
      "provider": "provider[\"registry.terraform.io/hashicorp/aws\"]",
      "instances": [
        {
          "schema_version": 0,
          "attributes": {
            "id": "aggr-olupyd1i4a-DEFAULT_4XX",
            "response_parameters": {
              "gatewayresponse.header.Access-Control-Allow-Headers": "'Content-Type,Authorization'",
              "gatewayresponse.header.Access-Control-Allow-Methods": "'GET,POST,PUT,OPTIONS'",
              "gatewayresponse.header.Access-Control-Allow-Origin": "'*'"
            },
            "response_templates": {
              "application/json": "{\"message\":$context.error.messageString}"
            },
            "response_type": "DEFAULT_4XX",
            "rest_api_id": "olupyd1i4a",
            "status_code": ""
          },
          "sensitive_attributes": [],
          "identity_schema_version": 0,
          "private": "bnVsbA==",
          "dependencies": [
            "module.apigw.aws_api_gateway_rest_api.reservation_api",
            "module.apigw.aws_iam_role.lambda_role",
            "module.apigw.aws_lambda_function.active_reservation",
            "module.apigw.aws_lambda_function.cancel_reservation",
            "module.apigw.aws_lambda_function.create_reservation",
            "module.apigw.aws_lambda_function.list_reservations",
            "module.apigw.aws_lambda_function.upload_document",
            "module.apigw.data.archive_file.active_reservation_zip",
            "module.apigw.data.archive_file.cancel_reservation_zip",
            "module.apigw.data.archive_file.create_reservation_zip",
            "module.apigw.data.archive_file.list_reservations_zip",
            "module.apigw.data.archive_file.upload_document_zip",
            "module.apigw.null_resource.build_active_reservation",
            "module.apigw.null_resource.build_cancel_reservation",
            "module.apigw.null_resource.build_create_reservation",
            "module.apigw.null_resource.build_list_reservations",
            "module.apigw.null_resource.build_upload_document",
            "module.cognito.aws_cognito_user_pool.main",
            "module.dynamodb.aws_dynamodb_table.reservations"
          ]
        }
      ]
    },
    {
      "module": "module.apigw",
      "mode": "managed",
      "type": "aws_api_gateway_gateway_response",
      "name": "cors_5xx",
      "provider": "provider[\"registry.terraform.io/hashicorp/aws\"]",
      "instances": [
        {
          "schema_version": 0,
          "attributes": {
            "id": "aggr-olupyd1i4a-DEFAULT_5XX",
            "response_parameters": {
              "gatewayresponse.header.Access-Control-Allow-Headers": "'Content-Type,Authorization'",
              "gatewayresponse.header.Access-Control-Allow-Methods": "'GET,POST,PUT,OPTIONS'",
              "gatewayresponse.header.Access-Control-Allow-Origin": "'*'"
            },
            "response_templates": {
              "application/json": "{\"message\":$context.error.messageString}"
            },
            "response_type": "DEFAULT_5XX",
            "rest_api_id": "olupyd1i4a",
            "status_code": ""
          },
          "sensitive_attributes": [],
          "identity_schema_version": 0,
          "private": "bnVsbA==",
          "dependencies": [
            "module.apigw.aws_api_gateway_rest_api.reservation_api",
            "module.apigw.aws_iam_role.lambda_role",
            "module.apigw.aws_lambda_function.active_reservation",
            "module.apigw.aws_lambda_function.cancel_reservation",
            "module.apigw.aws_lambda_function.create_reservation",
            "module.apigw.aws_lambda_function.list_reservations",
            "module.apigw.aws_lambda_function.upload_document",
            "module.apigw.data.archive_file.active_reservation_zip",
            "module.apigw.data.archive_file.cancel_reservation_zip",
            "module.apigw.data.archive_file.create_reservation_zip",
            "module.apigw.data.archive_file.list_reservations_zip",
            "module.apigw.data.archive_file.upload_document_zip",
            "module.apigw.null_resource.build_active_reservation",
            "module.apigw.null_resource.build_cancel_reservation",
            "module.apigw.null_resource.build_create_reservation",
            "module.apigw.null_resource.build_list_reservations",
            "module.apigw.null_resource.build_upload_document",
            "module.cognito.aws_cognito_user_pool.main",
            "module.dynamodb.aws_dynamodb_table.reservations"
          ]
        }
      ]
    },
    {
      "module": "module.apigw",
      "mode": "managed",
      "type": "aws_api_gateway_rest_api",
      "name": "reservation_api",
      "provider": "provider[\"registry.terraform.io/hashicorp/aws\"]",
      "instances": [
        {
          "schema_version": 0,
          "attributes": {
            "api_key_source": "HEADER",
            "arn": "arn:aws:apigateway:eu-west-1::/restapis/olupyd1i4a",
            "binary_media_types": [],
            "body": "openapi: \"3.0.1\"\ninfo:\n  title: \"Studio Medico Morandi - Reservation API\"\n  description: \"API per la gestione delle prenotazioni\"\n  version: \"v1\"\n\npaths:\n  /reservation/create:\n    options:\n      summary: \"CORS preflight\"\n      responses:\n        \"200\":\n          description: \"CORS headers\"\n          headers:\n            Access-Control-Allow-Origin:\n              schema:\n                type: \"string\"\n            Access-Control-Allow-Methods:\n              schema:\n                type: \"string\"\n            Access-Control-Allow-Headers:\n              schema:\n                type: \"string\"\n      x-amazon-apigateway-integration:\n        type: \"mock\"\n        requestTemplates:\n          application/json: '{\"statusCode\": 200}'\n        responses:\n          default:\n            statusCode: \"200\"\n            responseParameters:\n              method.response.header.Access-Control-Allow-Headers: \"'Content-Type,Authorization'\"\n              method.response.header.Access-Control-Allow-Methods: \"'GET,POST,OPTIONS'\"\n              method.response.header.Access-Control-Allow-Origin: \"'*'\"\n            responseTemplates:\n              application/json: \"{}\"\n    post:\n      summary: \"Crea una nuova prenotazione\"\n      operationId: \"createReservation\"\n      security:\n        - CognitoAuthorizer: []\n      requestBody:\n        required: true\n        content:\n          application/json:\n            schema:\n              $ref: \"#/components/schemas/CreateReservationRequest\"\n      responses:\n        \"201\":\n          description: \"Prenotazione creata con successo\"\n          content:\n            application/json:\n              schema:\n                $ref: \"#/components/schemas/Reservation\"\n        \"400\":\n          description: \"Richiesta non valida\"\n          content:\n            application/json:\n              schema:\n                $ref: \"#/components/schemas/ErrorResponse\"\n        \"401\":\n          description: \"Non autorizzato\"\n          content:\n            application/json:\n              schema:\n                $ref: \"#/components/schemas/ErrorResponse\"\n      x-amazon-apigateway-request-validator: \"validate-body\"\n      x-amazon-apigateway-integration:\n        type: \"aws_proxy\"\n        httpMethod: \"POST\"\n        uri: \"arn:aws:apigateway:eu-west-1:lambda:path/2015-03-31/functions/arn:aws:lambda:eu-west-1:772012299168:function:pw16-dev-create-reservation/invocations\"\n        passthroughBehavior: \"when_no_match\"\n\n  /reservation/list:\n    options:\n      summary: \"CORS preflight\"\n      responses:\n        \"200\":\n          description: \"CORS headers\"\n          headers:\n            Access-Control-Allow-Origin:\n              schema:\n                type: \"string\"\n            Access-Control-Allow-Methods:\n              schema:\n                type: \"string\"\n            Access-Control-Allow-Headers:\n              schema:\n                type: \"string\"\n      x-amazon-apigateway-integration:\n        type: \"mock\"\n        requestTemplates:\n          application/json: '{\"statusCode\": 200}'\n        responses:\n          default:\n            statusCode: \"200\"\n            responseParameters:\n              method.response.header.Access-Control-Allow-Headers: \"'Content-Type,Authorization'\"\n              method.response.header.Access-Control-Allow-Methods: \"'GET,POST,OPTIONS'\"\n              method.response.header.Access-Control-Allow-Origin: \"'*'\"\n            responseTemplates:\n              application/json: \"{}\"\n    get:\n      summary: \"Lista prenotazioni\"\n      description: \"Recupera la lista delle prenotazioni. Senza parametri ritorna le prenotazioni dell'utente autenticato.\"\n      operationId: \"listReservations\"\n      security:\n        - CognitoAuthorizer: []\n      parameters:\n        - name: \"userId\"\n          in: \"query\"\n          description: \"ID utente Cognito (sub) per filtrare. Se omesso usa l'utente autenticato.\"\n          required: false\n          schema:\n            type: \"string\"\n        - name: \"status\"\n          in: \"query\"\n          description: \"Filtra per status (active, cancelled, completed)\"\n          required: false\n          schema:\n            type: \"string\"\n            enum: [\"active\", \"cancelled\", \"completed\"]\n        - name: \"date\"\n          in: \"query\"\n          description: \"Filtra per data (YYYY-MM-DD)\"\n          required: false\n          schema:\n            type: \"string\"\n            format: \"date\"\n      responses:\n        \"200\":\n          description: \"Lista prenotazioni\"\n          content:\n            application/json:\n              schema:\n                type: \"array\"\n                items:\n                  $ref: \"#/components/schemas/Reservation\"\n        \"401\":\n          description: \"Non autorizzato\"\n          content:\n            application/json:\n              schema:\n                $ref: \"#/components/schemas/ErrorResponse\"\n      x-amazon-apigateway-request-validator: \"validate-params\"\n      x-amazon-apigateway-integration:\n        type: \"aws_proxy\"\n        httpMethod: \"POST\"\n        uri: \"arn:aws:apigateway:eu-west-1:lambda:path/2015-03-31/functions/arn:aws:lambda:eu-west-1:772012299168:function:pw16-dev-list-reservations/invocations\"\n        passthroughBehavior: \"when_no_match\"\n\n  /reservation/active:\n    options:\n      summary: \"CORS preflight\"\n      responses:\n        \"200\":\n          description: \"CORS headers\"\n          headers:\n            Access-Control-Allow-Origin:\n              schema:\n                type: \"string\"\n            Access-Control-Allow-Methods:\n              schema:\n                type: \"string\"\n            Access-Control-Allow-Headers:\n              schema:\n                type: \"string\"\n      x-amazon-apigateway-integration:\n        type: \"mock\"\n        requestTemplates:\n          application/json: '{\"statusCode\": 200}'\n        responses:\n          default:\n            statusCode: \"200\"\n            responseParameters:\n              method.response.header.Access-Control-Allow-Headers: \"'Content-Type,Authorization'\"\n              method.response.header.Access-Control-Allow-Methods: \"'GET,POST,OPTIONS'\"\n              method.response.header.Access-Control-Allow-Origin: \"'*'\"\n            responseTemplates:\n              application/json: \"{}\"\n    get:\n      summary: \"Recupera la prenotazione attiva\"\n      description: \"Ritorna la prenotazione con stato 'In attesa di conferma' o 'Confermata' dell'utente autenticato. Ritorna null se non esiste.\"\n      operationId: \"getActiveReservation\"\n      security:\n        - CognitoAuthorizer: []\n      responses:\n        \"200\":\n          description: \"Prenotazione attiva o null\"\n          content:\n            application/json:\n              schema:\n                $ref: \"#/components/schemas/ReservationOrNull\"\n        \"401\":\n          description: \"Non autorizzato\"\n          content:\n            application/json:\n              schema:\n                $ref: \"#/components/schemas/ErrorResponse\"\n      x-amazon-apigateway-integration:\n        type: \"aws_proxy\"\n        httpMethod: \"POST\"\n        uri: \"arn:aws:apigateway:eu-west-1:lambda:path/2015-03-31/functions/arn:aws:lambda:eu-west-1:772012299168:function:pw16-dev-active-reservation/invocations\"\n        passthroughBehavior: \"when_no_match\"\n\n  /reservation/cancel/{id}:\n    options:\n      summary: \"CORS preflight\"\n      parameters:\n        - name: \"id\"\n          in: \"path\"\n          required: true\n          schema:\n            type: \"string\"\n      responses:\n        \"200\":\n          description: \"CORS headers\"\n          headers:\n            Access-Control-Allow-Origin:\n              schema:\n                type: \"string\"\n            Access-Control-Allow-Methods:\n              schema:\n                type: \"string\"\n            Access-Control-Allow-Headers:\n              schema:\n                type: \"string\"\n      x-amazon-apigateway-integration:\n        type: \"mock\"\n        requestTemplates:\n          application/json: '{\"statusCode\": 200}'\n        responses:\n          default:\n            statusCode: \"200\"\n            responseParameters:\n              method.response.header.Access-Control-Allow-Headers: \"'Content-Type,Authorization'\"\n              method.response.header.Access-Control-Allow-Methods: \"'PUT,OPTIONS'\"\n              method.response.header.Access-Control-Allow-Origin: \"'*'\"\n            responseTemplates:\n              application/json: \"{}\"\n    put:\n      summary: \"Annulla una prenotazione\"\n      description: \"Cambia lo stato della prenotazione in 'Annullata' se appartiene all'utente autenticato\"\n      operationId: \"cancelReservation\"\n      security:\n        - CognitoAuthorizer: []\n      parameters:\n        - name: \"id\"\n          in: \"path\"\n          required: true\n          description: \"ID della prenotazione da annullare\"\n          schema:\n            type: \"string\"\n      responses:\n        \"200\":\n          description: \"Prenotazione annullata con successo\"\n          content:\n            application/json:\n              schema:\n                type: \"object\"\n                properties:\n                  message:\n                    type: \"string\"\n                  reservation:\n                    $ref: \"#/components/schemas/Reservation\"\n        \"401\":\n          description: \"Non autorizzato\"\n          content:\n            application/json:\n              schema:\n                $ref: \"#/components/schemas/ErrorResponse\"\n        \"404\":\n          description: \"Prenotazione non trovata\"\n          content:\n            application/json:\n              schema:\n                $ref: \"#/components/schemas/ErrorResponse\"\n      x-amazon-apigateway-request-validator: \"validate-params\"\n      x-amazon-apigateway-integration:\n        type: \"aws_proxy\"\n        httpMethod: \"POST\"\n        uri: \"arn:aws:apigateway:eu-west-1:lambda:path/2015-03-31/functions/arn:aws:lambda:eu-west-1:772012299168:function:pw16-dev-cancel-reservation/invocations\"\n        passthroughBehavior: \"when_no_match\"\n\n  /reservation/{id}/document:\n    options:\n      summary: \"CORS preflight\"\n      parameters:\n        - name: \"id\"\n          in: \"path\"\n          required: true\n          schema:\n            type: \"string\"\n      responses:\n        \"200\":\n          description: \"CORS headers\"\n          headers:\n            Access-Control-Allow-Origin:\n              schema:\n                type: \"string\"\n            Access-Control-Allow-Methods:\n              schema:\n                type: \"string\"\n            Access-Control-Allow-Headers:\n              schema:\n                type: \"string\"\n      x-amazon-apigateway-integration:\n        type: \"mock\"\n        requestTemplates:\n          application/json: '{\"statusCode\": 200}'\n        responses:\n          default:\n            statusCode: \"200\"\n            responseParameters:\n              method.response.header.Access-Control-Allow-Headers: \"'Content-Type,Authorization'\"\n              method.response.header.Access-Control-Allow-Methods: \"'PUT,OPTIONS'\"\n              method.response.header.Access-Control-Allow-Origin: \"'*'\"\n            responseTemplates:\n              application/json: \"{}\"\n    put:\n      summary: \"Gestisce documenti sulla prenotazione\"\n      description: \"Carica o elimina un documento (referto utente o ricetta medico) sulla prenotazione specificata\"\n      operationId: \"manageDocument\"\n      security:\n        - CognitoAuthorizer: []\n      parameters:\n        - name: \"id\"\n          in: \"path\"\n          required: true\n          description: \"ID della prenotazione\"\n          schema:\n            type: \"string\"\n      requestBody:\n        required: true\n        content:\n          application/json:\n            schema:\n              $ref: \"#/components/schemas/DocumentRequest\"\n      responses:\n        \"200\":\n          description: \"Operazione completata con successo\"\n          content:\n            application/json:\n              schema:\n                type: \"object\"\n                properties:\n                  message:\n                    type: \"string\"\n                  reservation:\n                    $ref: \"#/components/schemas/Reservation\"\n        \"400\":\n          description: \"Richiesta non valida\"\n          content:\n            application/json:\n              schema:\n                $ref: \"#/components/schemas/ErrorResponse\"\n        \"401\":\n          description: \"Non autorizzato\"\n          content:\n            application/json:\n              schema:\n                $ref: \"#/components/schemas/ErrorResponse\"\n        \"404\":\n          description: \"Prenotazione non trovata\"\n          content:\n            application/json:\n              schema:\n                $ref: \"#/components/schemas/ErrorResponse\"\n      x-amazon-apigateway-request-validator: \"validate-all\"\n      x-amazon-apigateway-integration:\n        type: \"aws_proxy\"\n        httpMethod: \"POST\"\n        uri: \"arn:aws:apigateway:eu-west-1:lambda:path/2015-03-31/functions/arn:aws:lambda:eu-west-1:772012299168:function:pw16-dev-upload-document/invocations\"\n        passthroughBehavior: \"when_no_match\"\n\ncomponents:\n  schemas:\n    CreateReservationRequest:\n      type: \"object\"\n      required:\n        - date\n        - time\n        - category\n        - doctor\n      properties:\n        date:\n          type: \"string\"\n          format: \"date\"\n          description: \"Data prenotazione (YYYY-MM-DD)\"\n        time:\n          type: \"string\"\n          description: \"Ora prenotazione (HH:mm)\"\n        category:\n          type: \"string\"\n          description: \"Categoria visita\"\n        doctor:\n          type: \"string\"\n          description: \"Nome dottore\"\n        location:\n          type: \"string\"\n          description: \"Sede (opzionale)\"\n\n    Reservation:\n      type: \"object\"\n      properties:\n        id:\n          type: \"string\"\n          description: \"ID univoco prenotazione\"\n        userId:\n          type: \"string\"\n          description: \"ID utente Cognito (sub)\"\n        date:\n          type: \"string\"\n          format: \"date\"\n        time:\n          type: \"string\"\n        category:\n          type: \"string\"\n        doctor:\n          type: \"string\"\n        status:\n          type: \"string\"\n          enum: [\"active\", \"cancelled\", \"completed\"]\n        location:\n          type: \"string\"\n        createdAt:\n          type: \"string\"\n          format: \"date-time\"\n        userDocument:\n          $ref: \"#/components/schemas/ReservationDocument\"\n        doctorDocument:\n          $ref: \"#/components/schemas/ReservationDocument\"\n\n    ErrorResponse:\n      type: \"object\"\n      properties:\n        message:\n          type: \"string\"\n        code:\n          type: \"string\"\n\n    ReservationOrNull:\n      type: \"object\"\n      nullable: true\n      properties:\n        id:\n          type: \"string\"\n        userId:\n          type: \"string\"\n        date:\n          type: \"string\"\n          format: \"date\"\n        time:\n          type: \"string\"\n        category:\n          type: \"string\"\n        doctor:\n          type: \"string\"\n        status:\n          type: \"string\"\n        location:\n          type: \"string\"\n        createdAt:\n          type: \"string\"\n          format: \"date-time\"\n\n    DocumentRequest:\n      oneOf:\n        - $ref: \"#/components/schemas/UploadDocumentRequest\"\n        - $ref: \"#/components/schemas/DeleteDocumentRequest\"\n\n    UploadDocumentRequest:\n      type: \"object\"\n      required:\n        - action\n        - document\n        - documentType\n      properties:\n        action:\n          type: \"string\"\n          enum: [\"upload\"]\n        document:\n          $ref: \"#/components/schemas/ReservationDocument\"\n        documentType:\n          type: \"string\"\n          enum: [\"user\", \"doctor\"]\n\n    DeleteDocumentRequest:\n      type: \"object\"\n      required:\n        - action\n        - documentType\n      properties:\n        action:\n          type: \"string\"\n          enum: [\"delete\"]\n        documentType:\n          type: \"string\"\n          enum: [\"user\", \"doctor\"]\n\n    ReservationDocument:\n      type: \"object\"\n      required:\n        - fileName\n        - fileBase64\n        - uploadedAt\n      properties:\n        fileName:\n          type: \"string\"\n          description: \"Nome del file caricato\"\n        fileBase64:\n          type: \"string\"\n          description: \"Contenuto del file codificato in base64\"\n        uploadedAt:\n          type: \"string\"\n          format: \"date-time\"\n          description: \"Timestamp di caricamento del documento\"\n\n  securitySchemes:\n    CognitoAuthorizer:\n      type: \"apiKey\"\n      name: \"Authorization\"\n      in: \"header\"\n      x-amazon-apigateway-authtype: \"cognito_user_pools\"\n      x-amazon-apigateway-authorizer:\n        type: \"cognito_user_pools\"\n        providerARNs:\n          - \"arn:aws:cognito-idp:eu-west-1:772012299168:userpool/eu-west-1_0spmBx3ZJ\"\n\nx-amazon-apigateway-request-validators:\n  validate-body:\n    validateRequestBody: true\n    validateRequestParameters: false\n  validate-params:\n    validateRequestBody: false\n    validateRequestParameters: true\n  validate-all:\n    validateRequestBody: true\n    validateRequestParameters: true\n",
            "created_date": "2026-01-19T17:56:19Z",
            "description": "API per la gestione delle prenotazioni - Studio Medico Morandi",
            "disable_execute_api_endpoint": false,
            "endpoint_configuration": [
              {
                "ip_address_type": "ipv4",
                "types": [
                  "REGIONAL"
                ],
                "vpc_endpoint_ids": []
              }
            ],
            "execution_arn": "arn:aws:execute-api:eu-west-1:772012299168:olupyd1i4a",
            "fail_on_warnings": null,
            "id": "olupyd1i4a",
            "minimum_compression_size": "",
            "name": "pw16-dev-reservation-api",
            "parameters": null,
            "policy": "",
            "put_rest_api_mode": null,
            "root_resource_id": "4ep71jftye",
            "tags": {
              "Environment": "dev",
              "Name": "pw16-dev-reservation-api",
              "Project": "pw16"
            },
            "tags_all": {
              "Environment": "dev",
              "ManagedBy": "terraform",
              "Name": "pw16-dev-reservation-api",
              "Project": "pw16"
            }
          },
          "sensitive_attributes": [],
          "identity_schema_version": 0,
          "private": "bnVsbA==",
          "dependencies": [
            "module.apigw.aws_iam_role.lambda_role",
            "module.apigw.aws_lambda_function.active_reservation",
            "module.apigw.aws_lambda_function.cancel_reservation",
            "module.apigw.aws_lambda_function.create_reservation",
            "module.apigw.aws_lambda_function.list_reservations",
            "module.apigw.aws_lambda_function.upload_document",
            "module.apigw.data.archive_file.active_reservation_zip",
            "module.apigw.data.archive_file.cancel_reservation_zip",
            "module.apigw.data.archive_file.create_reservation_zip",
            "module.apigw.data.archive_file.list_reservations_zip",
            "module.apigw.data.archive_file.upload_document_zip",
            "module.apigw.null_resource.build_active_reservation",
            "module.apigw.null_resource.build_cancel_reservation",
            "module.apigw.null_resource.build_create_reservation",
            "module.apigw.null_resource.build_list_reservations",
            "module.apigw.null_resource.build_upload_document",
            "module.cognito.aws_cognito_user_pool.main",
            "module.dynamodb.aws_dynamodb_table.reservations"
          ],
          "create_before_destroy": true
        }
      ]
    },
    {
      "module": "module.apigw",
      "mode": "managed",
      "type": "aws_api_gateway_stage",
      "name": "stage",
      "provider": "provider[\"registry.terraform.io/hashicorp/aws\"]",
      "instances": [
        {
          "schema_version": 0,
          "attributes": {
            "access_log_settings": [],
            "arn": "arn:aws:apigateway:eu-west-1::/restapis/olupyd1i4a/stages/dev",
            "cache_cluster_enabled": false,
            "cache_cluster_size": "",
            "canary_settings": [],
            "client_certificate_id": "",
            "deployment_id": "o3fgjt",
            "description": "",
            "documentation_version": "",
            "execution_arn": "arn:aws:execute-api:eu-west-1:772012299168:olupyd1i4a/dev",
            "id": "ags-olupyd1i4a-dev",
            "invoke_url": "https://olupyd1i4a.execute-api.eu-west-1.amazonaws.com/dev",
            "rest_api_id": "olupyd1i4a",
            "stage_name": "dev",
            "tags": {
              "Environment": "dev",
              "Name": "pw16-dev-stage",
              "Project": "pw16"
            },
            "tags_all": {
              "Environment": "dev",
              "ManagedBy": "terraform",
              "Name": "pw16-dev-stage",
              "Project": "pw16"
            },
            "variables": {},
            "web_acl_arn": "",
            "xray_tracing_enabled": false
          },
          "sensitive_attributes": [],
          "identity_schema_version": 0,
          "private": "bnVsbA==",
          "dependencies": [
            "module.apigw.aws_api_gateway_deployment.deployment",
            "module.apigw.aws_api_gateway_rest_api.reservation_api",
            "module.apigw.aws_iam_role.lambda_role",
            "module.apigw.aws_lambda_function.active_reservation",
            "module.apigw.aws_lambda_function.cancel_reservation",
            "module.apigw.aws_lambda_function.create_reservation",
            "module.apigw.aws_lambda_function.list_reservations",
            "module.apigw.aws_lambda_function.upload_document",
            "module.apigw.data.archive_file.active_reservation_zip",
            "module.apigw.data.archive_file.cancel_reservation_zip",
            "module.apigw.data.archive_file.create_reservation_zip",
            "module.apigw.data.archive_file.list_reservations_zip",
            "module.apigw.data.archive_file.upload_document_zip",
            "module.apigw.null_resource.build_active_reservation",
            "module.apigw.null_resource.build_cancel_reservation",
            "module.apigw.null_resource.build_create_reservation",
            "module.apigw.null_resource.build_list_reservations",
            "module.apigw.null_resource.build_upload_document",
            "module.cognito.aws_cognito_user_pool.main",
            "module.dynamodb.aws_dynamodb_table.reservations"
          ]
        }
      ]
    },
    {
      "module": "module.apigw",
      "mode": "managed",
      "type": "aws_iam_role",
      "name": "lambda_role",
      "provider": "provider[\"registry.terraform.io/hashicorp/aws\"]",
      "instances": [
        {
          "schema_version": 0,
          "attributes": {
            "arn": "arn:aws:iam::772012299168:role/pw16-dev-lambda-reservation-role",
            "assume_role_policy": "{\"Statement\":[{\"Action\":\"sts:AssumeRole\",\"Effect\":\"Allow\",\"Principal\":{\"Service\":\"lambda.amazonaws.com\"}}],\"Version\":\"2012-10-17\"}",
            "create_date": "2026-01-19T17:55:43Z",
            "description": "",
            "force_detach_policies": false,
            "id": "pw16-dev-lambda-reservation-role",
            "inline_policy": [
              {
                "name": "pw16-dev-lambda-dynamodb-policy",
                "policy": "{\"Version\":\"2012-10-17\",\"Statement\":[{\"Action\":[\"dynamodb:PutItem\",\"dynamodb:GetItem\",\"dynamodb:Query\",\"dynamodb:Scan\",\"dynamodb:UpdateItem\",\"dynamodb:DeleteItem\"],\"Effect\":\"Allow\",\"Resource\":[\"arn:aws:dynamodb:eu-west-1:772012299168:table/pw16-dev-reservations\",\"arn:aws:dynamodb:eu-west-1:772012299168:table/pw16-dev-reservations/index/*\"]}]}"
              }
            ],
            "managed_policy_arns": [
              "arn:aws:iam::aws:policy/service-role/AWSLambdaBasicExecutionRole"
            ],
            "max_session_duration": 3600,
            "name": "pw16-dev-lambda-reservation-role",
            "name_prefix": "",
            "path": "/",
            "permissions_boundary": "",
            "tags": {
              "Environment": "dev",
              "Name": "pw16-dev-lambda-reservation-role",
              "Project": "pw16"
            },
            "tags_all": {
              "Environment": "dev",
              "ManagedBy": "terraform",
              "Name": "pw16-dev-lambda-reservation-role",
              "Project": "pw16"
            },
            "unique_id": "AROA3HP4E2OQMMO3EN3NE"
          },
          "sensitive_attributes": [],
          "identity_schema_version": 0,
          "private": "bnVsbA==",
          "create_before_destroy": true
        }
      ]
    },
    {
      "module": "module.apigw",
      "mode": "managed",
      "type": "aws_iam_role_policy",
      "name": "lambda_dynamodb_policy",
      "provider": "provider[\"registry.terraform.io/hashicorp/aws\"]",
      "instances": [
        {
          "schema_version": 0,
          "attributes": {
            "id": "pw16-dev-lambda-reservation-role:pw16-dev-lambda-dynamodb-policy",
            "name": "pw16-dev-lambda-dynamodb-policy",
            "name_prefix": "",
            "policy": "{\"Version\":\"2012-10-17\",\"Statement\":[{\"Action\":[\"dynamodb:PutItem\",\"dynamodb:GetItem\",\"dynamodb:Query\",\"dynamodb:Scan\",\"dynamodb:UpdateItem\",\"dynamodb:DeleteItem\"],\"Effect\":\"Allow\",\"Resource\":[\"arn:aws:dynamodb:eu-west-1:772012299168:table/pw16-dev-reservations\",\"arn:aws:dynamodb:eu-west-1:772012299168:table/pw16-dev-reservations/index/*\"]}]}",
            "role": "pw16-dev-lambda-reservation-role"
          },
          "sensitive_attributes": [],
          "identity_schema_version": 0,
          "private": "bnVsbA==",
          "dependencies": [
            "module.apigw.aws_iam_role.lambda_role",
            "module.dynamodb.aws_dynamodb_table.reservations"
          ]
        }
      ]
    },
    {
      "module": "module.apigw",
      "mode": "managed",
      "type": "aws_iam_role_policy_attachment",
      "name": "lambda_basic_execution",
      "provider": "provider[\"registry.terraform.io/hashicorp/aws\"]",
      "instances": [
        {
          "schema_version": 0,
          "attributes": {
            "id": "pw16-dev-lambda-reservation-role-20260119175544342400000001",
            "policy_arn": "arn:aws:iam::aws:policy/service-role/AWSLambdaBasicExecutionRole",
            "role": "pw16-dev-lambda-reservation-role"
          },
          "sensitive_attributes": [],
          "identity_schema_version": 0,
          "private": "bnVsbA==",
          "dependencies": [
            "module.apigw.aws_iam_role.lambda_role"
          ]
        }
      ]
    },
    {
      "module": "module.apigw",
      "mode": "managed",
      "type": "aws_lambda_function",
      "name": "active_reservation",
      "provider": "provider[\"registry.terraform.io/hashicorp/aws\"]",
      "instances": [
        {
          "schema_version": 0,
          "attributes": {
            "architectures": [
              "x86_64"
            ],
            "arn": "arn:aws:lambda:eu-west-1:772012299168:function:pw16-dev-active-reservation",
            "code_sha256": "KxhfHpvM4sxrrxVQEQqqbhYBJp5p6pgG8zYf8SjAIzU=",
            "code_signing_config_arn": "",
            "dead_letter_config": [],
            "description": "",
            "environment": [
              {
                "variables": {
                  "DYNAMODB_TABLE": "pw16-dev-reservations",
                  "ENVIRONMENT": "dev"
                }
              }
            ],
            "ephemeral_storage": [
              {
                "size": 512
              }
            ],
            "file_system_config": [],
            "filename": "apigw/lambda/active_reservation.zip",
            "function_name": "pw16-dev-active-reservation",
            "handler": "index.handler",
            "id": "pw16-dev-active-reservation",
            "image_config": [],
            "image_uri": "",
            "invoke_arn": "arn:aws:apigateway:eu-west-1:lambda:path/2015-03-31/functions/arn:aws:lambda:eu-west-1:772012299168:function:pw16-dev-active-reservation/invocations",
            "kms_key_arn": "",
            "last_modified": "2026-01-19T18:11:30.142+0000",
            "layers": [],
            "logging_config": [
              {
                "application_log_level": "",
                "log_format": "Text",
                "log_group": "/aws/lambda/pw16-dev-active-reservation",
                "system_log_level": ""
              }
            ],
            "memory_size": 128,
            "package_type": "Zip",
            "publish": false,
            "qualified_arn": "arn:aws:lambda:eu-west-1:772012299168:function:pw16-dev-active-reservation:$LATEST",
            "qualified_invoke_arn": "arn:aws:apigateway:eu-west-1:lambda:path/2015-03-31/functions/arn:aws:lambda:eu-west-1:772012299168:function:pw16-dev-active-reservation:$LATEST/invocations",
            "replace_security_groups_on_destroy": null,
            "replacement_security_group_ids": null,
            "reserved_concurrent_executions": -1,
            "role": "arn:aws:iam::772012299168:role/pw16-dev-lambda-reservation-role",
            "runtime": "nodejs22.x",
            "s3_bucket": null,
            "s3_key": null,
            "s3_object_version": null,
            "signing_job_arn": "",
            "signing_profile_version_arn": "",
            "skip_destroy": false,
            "snap_start": [],
            "source_code_hash": "KxhfHpvM4sxrrxVQEQqqbhYBJp5p6pgG8zYf8SjAIzU=",
            "source_code_size": 1427,
            "tags": {
              "Environment": "dev",
              "Name": "pw16-dev-active-reservation",
              "Project": "pw16"
            },
            "tags_all": {
              "Environment": "dev",
              "ManagedBy": "terraform",
              "Name": "pw16-dev-active-reservation",
              "Project": "pw16"
            },
            "timeout": 10,
            "timeouts": null,
            "tracing_config": [
              {
                "mode": "PassThrough"
              }
            ],
            "version": "$LATEST",
            "vpc_config": []
          },
          "sensitive_attributes": [],
          "identity_schema_version": 0,
          "private": "eyJlMmJmYjczMC1lY2FhLTExZTYtOGY4OC0zNDM2M2JjN2M0YzAiOnsiY3JlYXRlIjo2MDAwMDAwMDAwMDAsImRlbGV0ZSI6NjAwMDAwMDAwMDAwLCJ1cGRhdGUiOjYwMDAwMDAwMDAwMH19",
          "dependencies": [
            "module.apigw.aws_iam_role.lambda_role",
            "module.apigw.data.archive_file.active_reservation_zip",
            "module.apigw.null_resource.build_active_reservation",
            "module.dynamodb.aws_dynamodb_table.reservations"
          ],
          "create_before_destroy": true
        }
      ]
    },
    {
      "module": "module.apigw",
      "mode": "managed",
      "type": "aws_lambda_function",
      "name": "cancel_reservation",
      "provider": "provider[\"registry.terraform.io/hashicorp/aws\"]",
      "instances": [
        {
          "schema_version": 0,
          "attributes": {
            "architectures": [
              "x86_64"
            ],
            "arn": "arn:aws:lambda:eu-west-1:772012299168:function:pw16-dev-cancel-reservation",
            "code_sha256": "ercks7aNg2vL4CHgyl++kPv/HNU0nAANRLwBY40YU3c=",
            "code_signing_config_arn": "",
            "dead_letter_config": [],
            "description": "",
            "environment": [
              {
                "variables": {
                  "DYNAMODB_TABLE": "pw16-dev-reservations",
                  "ENVIRONMENT": "dev"
                }
              }
            ],
            "ephemeral_storage": [
              {
                "size": 512
              }
            ],
            "file_system_config": [],
            "filename": "apigw/lambda/cancel_reservation.zip",
            "function_name": "pw16-dev-cancel-reservation",
            "handler": "index.handler",
            "id": "pw16-dev-cancel-reservation",
            "image_config": [],
            "image_uri": "",
            "invoke_arn": "arn:aws:apigateway:eu-west-1:lambda:path/2015-03-31/functions/arn:aws:lambda:eu-west-1:772012299168:function:pw16-dev-cancel-reservation/invocations",
            "kms_key_arn": "",
            "last_modified": "2026-01-25T16:25:39.000+0000",
            "layers": [],
            "logging_config": [
              {
                "application_log_level": "",
                "log_format": "Text",
                "log_group": "/aws/lambda/pw16-dev-cancel-reservation",
                "system_log_level": ""
              }
            ],
            "memory_size": 128,
            "package_type": "Zip",
            "publish": false,
            "qualified_arn": "arn:aws:lambda:eu-west-1:772012299168:function:pw16-dev-cancel-reservation:$LATEST",
            "qualified_invoke_arn": "arn:aws:apigateway:eu-west-1:lambda:path/2015-03-31/functions/arn:aws:lambda:eu-west-1:772012299168:function:pw16-dev-cancel-reservation:$LATEST/invocations",
            "replace_security_groups_on_destroy": null,
            "replacement_security_group_ids": null,
            "reserved_concurrent_executions": -1,
            "role": "arn:aws:iam::772012299168:role/pw16-dev-lambda-reservation-role",
            "runtime": "nodejs22.x",
            "s3_bucket": null,
            "s3_key": null,
            "s3_object_version": null,
            "signing_job_arn": "",
            "signing_profile_version_arn": "",
            "skip_destroy": false,
            "snap_start": [],
            "source_code_hash": "ercks7aNg2vL4CHgyl++kPv/HNU0nAANRLwBY40YU3c=",
            "source_code_size": 1303,
            "tags": {
              "Environment": "dev",
              "Name": "pw16-dev-cancel-reservation",
              "Project": "pw16"
            },
            "tags_all": {
              "Environment": "dev",
              "ManagedBy": "terraform",
              "Name": "pw16-dev-cancel-reservation",
              "Project": "pw16"
            },
            "timeout": 10,
            "timeouts": null,
            "tracing_config": [
              {
                "mode": "PassThrough"
              }
            ],
            "version": "$LATEST",
            "vpc_config": []
          },
          "sensitive_attributes": [],
          "identity_schema_version": 0,
          "private": "eyJlMmJmYjczMC1lY2FhLTExZTYtOGY4OC0zNDM2M2JjN2M0YzAiOnsiY3JlYXRlIjo2MDAwMDAwMDAwMDAsImRlbGV0ZSI6NjAwMDAwMDAwMDAwLCJ1cGRhdGUiOjYwMDAwMDAwMDAwMH19",
          "dependencies": [
            "module.apigw.aws_iam_role.lambda_role",
            "module.apigw.data.archive_file.cancel_reservation_zip",
            "module.apigw.null_resource.build_cancel_reservation",
            "module.dynamodb.aws_dynamodb_table.reservations"
          ],
          "create_before_destroy": true
        }
      ]
    },
    {
      "module": "module.apigw",
      "mode": "managed",
      "type": "aws_lambda_function",
      "name": "create_reservation",
      "provider": "provider[\"registry.terraform.io/hashicorp/aws\"]",
      "instances": [
        {
          "schema_version": 0,
          "attributes": {
            "architectures": [
              "x86_64"
            ],
            "arn": "arn:aws:lambda:eu-west-1:772012299168:function:pw16-dev-create-reservation",
            "code_sha256": "IZxOo0lQ+UlngVOmBJg+PPc5X2qwDUyZLI5UOEGQZcw=",
            "code_signing_config_arn": "",
            "dead_letter_config": [],
            "description": "",
            "environment": [
              {
                "variables": {
                  "DYNAMODB_TABLE": "pw16-dev-reservations",
                  "ENVIRONMENT": "dev"
                }
              }
            ],
            "ephemeral_storage": [
              {
                "size": 512
              }
            ],
            "file_system_config": [],
            "filename": "apigw/lambda/create_reservation.zip",
            "function_name": "pw16-dev-create-reservation",
            "handler": "index.handler",
            "id": "pw16-dev-create-reservation",
            "image_config": [],
            "image_uri": "",
            "invoke_arn": "arn:aws:apigateway:eu-west-1:lambda:path/2015-03-31/functions/arn:aws:lambda:eu-west-1:772012299168:function:pw16-dev-create-reservation/invocations",
            "kms_key_arn": "",
            "last_modified": "2026-01-28T17:42:27.000+0000",
            "layers": [],
            "logging_config": [
              {
                "application_log_level": "",
                "log_format": "Text",
                "log_group": "/aws/lambda/pw16-dev-create-reservation",
                "system_log_level": ""
              }
            ],
            "memory_size": 128,
            "package_type": "Zip",
            "publish": false,
            "qualified_arn": "arn:aws:lambda:eu-west-1:772012299168:function:pw16-dev-create-reservation:$LATEST",
            "qualified_invoke_arn": "arn:aws:apigateway:eu-west-1:lambda:path/2015-03-31/functions/arn:aws:lambda:eu-west-1:772012299168:function:pw16-dev-create-reservation:$LATEST/invocations",
            "replace_security_groups_on_destroy": null,
            "replacement_security_group_ids": null,
            "reserved_concurrent_executions": -1,
            "role": "arn:aws:iam::772012299168:role/pw16-dev-lambda-reservation-role",
            "runtime": "nodejs22.x",
            "s3_bucket": null,
            "s3_key": null,
            "s3_object_version": null,
            "signing_job_arn": "",
            "signing_profile_version_arn": "",
            "skip_destroy": false,
            "snap_start": [],
            "source_code_hash": "IZxOo0lQ+UlngVOmBJg+PPc5X2qwDUyZLI5UOEGQZcw=",
            "source_code_size": 1524,
            "tags": {
              "Environment": "dev",
              "Name": "pw16-dev-create-reservation",
              "Project": "pw16"
            },
            "tags_all": {
              "Environment": "dev",
              "ManagedBy": "terraform",
              "Name": "pw16-dev-create-reservation",
              "Project": "pw16"
            },
            "timeout": 10,
            "timeouts": null,
            "tracing_config": [
              {
                "mode": "PassThrough"
              }
            ],
            "version": "$LATEST",
            "vpc_config": []
          },
          "sensitive_attributes": [],
          "identity_schema_version": 0,
          "private": "eyJlMmJmYjczMC1lY2FhLTExZTYtOGY4OC0zNDM2M2JjN2M0YzAiOnsiY3JlYXRlIjo2MDAwMDAwMDAwMDAsImRlbGV0ZSI6NjAwMDAwMDAwMDAwLCJ1cGRhdGUiOjYwMDAwMDAwMDAwMH19",
          "dependencies": [
            "module.apigw.aws_iam_role.lambda_role",
            "module.apigw.data.archive_file.create_reservation_zip",
            "module.apigw.null_resource.build_create_reservation",
            "module.dynamodb.aws_dynamodb_table.reservations"
          ],
          "create_before_destroy": true
        }
      ]
    },
    {
      "module": "module.apigw",
      "mode": "managed",
      "type": "aws_lambda_function",
      "name": "list_reservations",
      "provider": "provider[\"registry.terraform.io/hashicorp/aws\"]",
      "instances": [
        {
          "schema_version": 0,
          "attributes": {
            "architectures": [
              "x86_64"
            ],
            "arn": "arn:aws:lambda:eu-west-1:772012299168:function:pw16-dev-list-reservations",
            "code_sha256": "It0LIatW/bj5IBH10wLTCWt+nh0ubdM4NoQy5tFfubQ=",
            "code_signing_config_arn": "",
            "dead_letter_config": [],
            "description": "",
            "environment": [
              {
                "variables": {
                  "DYNAMODB_TABLE": "pw16-dev-reservations",
                  "ENVIRONMENT": "dev"
                }
              }
            ],
            "ephemeral_storage": [
              {
                "size": 512
              }
            ],
            "file_system_config": [],
            "filename": "apigw/lambda/list_reservations.zip",
            "function_name": "pw16-dev-list-reservations",
            "handler": "index.handler",
            "id": "pw16-dev-list-reservations",
            "image_config": [],
            "image_uri": "",
            "invoke_arn": "arn:aws:apigateway:eu-west-1:lambda:path/2015-03-31/functions/arn:aws:lambda:eu-west-1:772012299168:function:pw16-dev-list-reservations/invocations",
            "kms_key_arn": "",
            "last_modified": "2026-01-25T16:57:53.000+0000",
            "layers": [],
            "logging_config": [
              {
                "application_log_level": "",
                "log_format": "Text",
                "log_group": "/aws/lambda/pw16-dev-list-reservations",
                "system_log_level": ""
              }
            ],
            "memory_size": 128,
            "package_type": "Zip",
            "publish": false,
            "qualified_arn": "arn:aws:lambda:eu-west-1:772012299168:function:pw16-dev-list-reservations:$LATEST",
            "qualified_invoke_arn": "arn:aws:apigateway:eu-west-1:lambda:path/2015-03-31/functions/arn:aws:lambda:eu-west-1:772012299168:function:pw16-dev-list-reservations:$LATEST/invocations",
            "replace_security_groups_on_destroy": null,
            "replacement_security_group_ids": null,
            "reserved_concurrent_executions": -1,
            "role": "arn:aws:iam::772012299168:role/pw16-dev-lambda-reservation-role",
            "runtime": "nodejs22.x",
            "s3_bucket": null,
            "s3_key": null,
            "s3_object_version": null,
            "signing_job_arn": "",
            "signing_profile_version_arn": "",
            "skip_destroy": false,
            "snap_start": [],
            "source_code_hash": "It0LIatW/bj5IBH10wLTCWt+nh0ubdM4NoQy5tFfubQ=",
            "source_code_size": 1613,
            "tags": {
              "Environment": "dev",
              "Name": "pw16-dev-list-reservations",
              "Project": "pw16"
            },
            "tags_all": {
              "Environment": "dev",
              "ManagedBy": "terraform",
              "Name": "pw16-dev-list-reservations",
              "Project": "pw16"
            },
            "timeout": 10,
            "timeouts": null,
            "tracing_config": [
              {
                "mode": "PassThrough"
              }
            ],
            "version": "$LATEST",
            "vpc_config": []
          },
          "sensitive_attributes": [],
          "identity_schema_version": 0,
          "private": "eyJlMmJmYjczMC1lY2FhLTExZTYtOGY4OC0zNDM2M2JjN2M0YzAiOnsiY3JlYXRlIjo2MDAwMDAwMDAwMDAsImRlbGV0ZSI6NjAwMDAwMDAwMDAwLCJ1cGRhdGUiOjYwMDAwMDAwMDAwMH19",
          "dependencies": [
            "module.apigw.aws_iam_role.lambda_role",
            "module.apigw.data.archive_file.list_reservations_zip",
            "module.apigw.null_resource.build_list_reservations",
            "module.dynamodb.aws_dynamodb_table.reservations"
          ],
          "create_before_destroy": true
        }
      ]
    },
    {
      "module": "module.apigw",
      "mode": "managed",
      "type": "aws_lambda_function",
      "name": "upload_document",
      "provider": "provider[\"registry.terraform.io/hashicorp/aws\"]",
      "instances": [
        {
          "schema_version": 0,
          "attributes": {
            "architectures": [
              "x86_64"
            ],
            "arn": "arn:aws:lambda:eu-west-1:772012299168:function:pw16-dev-upload-document",
            "code_sha256": "SVTf5YH9TA1uOFNvZxY6TJqugyQvHdxjnsz/e2yyqVI=",
            "code_signing_config_arn": "",
            "dead_letter_config": [],
            "description": "",
            "environment": [
              {
                "variables": {
                  "DYNAMODB_TABLE": "pw16-dev-reservations",
                  "ENVIRONMENT": "dev"
                }
              }
            ],
            "ephemeral_storage": [
              {
                "size": 512
              }
            ],
            "file_system_config": [],
            "filename": "apigw/lambda/upload_document.zip",
            "function_name": "pw16-dev-upload-document",
            "handler": "index.handler",
            "id": "pw16-dev-upload-document",
            "image_config": [],
            "image_uri": "",
            "invoke_arn": "arn:aws:apigateway:eu-west-1:lambda:path/2015-03-31/functions/arn:aws:lambda:eu-west-1:772012299168:function:pw16-dev-upload-document/invocations",
            "kms_key_arn": "",
            "last_modified": "2026-01-25T19:37:06.000+0000",
            "layers": [],
            "logging_config": [
              {
                "application_log_level": "",
                "log_format": "Text",
                "log_group": "/aws/lambda/pw16-dev-upload-document",
                "system_log_level": ""
              }
            ],
            "memory_size": 128,
            "package_type": "Zip",
            "publish": false,
            "qualified_arn": "arn:aws:lambda:eu-west-1:772012299168:function:pw16-dev-upload-document:$LATEST",
            "qualified_invoke_arn": "arn:aws:apigateway:eu-west-1:lambda:path/2015-03-31/functions/arn:aws:lambda:eu-west-1:772012299168:function:pw16-dev-upload-document:$LATEST/invocations",
            "replace_security_groups_on_destroy": null,
            "replacement_security_group_ids": null,
            "reserved_concurrent_executions": -1,
            "role": "arn:aws:iam::772012299168:role/pw16-dev-lambda-reservation-role",
            "runtime": "nodejs22.x",
            "s3_bucket": null,
            "s3_key": null,
            "s3_object_version": null,
            "signing_job_arn": "",
            "signing_profile_version_arn": "",
            "skip_destroy": false,
            "snap_start": [],
            "source_code_hash": "SVTf5YH9TA1uOFNvZxY6TJqugyQvHdxjnsz/e2yyqVI=",
            "source_code_size": 1912,
            "tags": {
              "Environment": "dev",
              "Name": "pw16-dev-upload-document",
              "Project": "pw16"
            },
            "tags_all": {
              "Environment": "dev",
              "ManagedBy": "terraform",
              "Name": "pw16-dev-upload-document",
              "Project": "pw16"
            },
            "timeout": 10,
            "timeouts": null,
            "tracing_config": [
              {
                "mode": "PassThrough"
              }
            ],
            "version": "$LATEST",
            "vpc_config": []
          },
          "sensitive_attributes": [],
          "identity_schema_version": 0,
          "private": "eyJlMmJmYjczMC1lY2FhLTExZTYtOGY4OC0zNDM2M2JjN2M0YzAiOnsiY3JlYXRlIjo2MDAwMDAwMDAwMDAsImRlbGV0ZSI6NjAwMDAwMDAwMDAwLCJ1cGRhdGUiOjYwMDAwMDAwMDAwMH19",
          "dependencies": [
            "module.apigw.aws_iam_role.lambda_role",
            "module.apigw.data.archive_file.upload_document_zip",
            "module.apigw.null_resource.build_upload_document",
            "module.dynamodb.aws_dynamodb_table.reservations"
          ],
          "create_before_destroy": true
        }
      ]
    },
    {
      "module": "module.apigw",
      "mode": "managed",
      "type": "aws_lambda_permission",
      "name": "api_gateway_active",
      "provider": "provider[\"registry.terraform.io/hashicorp/aws\"]",
      "instances": [
        {
          "schema_version": 0,
          "attributes": {
            "action": "lambda:InvokeFunction",
            "event_source_token": null,
            "function_name": "pw16-dev-active-reservation",
            "function_url_auth_type": null,
            "id": "AllowAPIGatewayInvoke",
            "principal": "apigateway.amazonaws.com",
            "principal_org_id": null,
            "qualifier": "",
            "source_account": null,
            "source_arn": "arn:aws:execute-api:eu-west-1:772012299168:olupyd1i4a/*/*",
            "statement_id": "AllowAPIGatewayInvoke",
            "statement_id_prefix": ""
          },
          "sensitive_attributes": [],
          "identity_schema_version": 0,
          "private": "bnVsbA==",
          "dependencies": [
            "module.apigw.aws_api_gateway_rest_api.reservation_api",
            "module.apigw.aws_iam_role.lambda_role",
            "module.apigw.aws_lambda_function.active_reservation",
            "module.apigw.aws_lambda_function.cancel_reservation",
            "module.apigw.aws_lambda_function.create_reservation",
            "module.apigw.aws_lambda_function.list_reservations",
            "module.apigw.aws_lambda_function.upload_document",
            "module.apigw.data.archive_file.active_reservation_zip",
            "module.apigw.data.archive_file.cancel_reservation_zip",
            "module.apigw.data.archive_file.create_reservation_zip",
            "module.apigw.data.archive_file.list_reservations_zip",
            "module.apigw.data.archive_file.upload_document_zip",
            "module.apigw.null_resource.build_active_reservation",
            "module.apigw.null_resource.build_cancel_reservation",
            "module.apigw.null_resource.build_create_reservation",
            "module.apigw.null_resource.build_list_reservations",
            "module.apigw.null_resource.build_upload_document",
            "module.cognito.aws_cognito_user_pool.main",
            "module.dynamodb.aws_dynamodb_table.reservations"
          ]
        }
      ]
    },
    {
      "module": "module.apigw",
      "mode": "managed",
      "type": "aws_lambda_permission",
      "name": "api_gateway_cancel",
      "provider": "provider[\"registry.terraform.io/hashicorp/aws\"]",
      "instances": [
        {
          "schema_version": 0,
          "attributes": {
            "action": "lambda:InvokeFunction",
            "event_source_token": null,
            "function_name": "pw16-dev-cancel-reservation",
            "function_url_auth_type": null,
            "id": "AllowAPIGatewayInvoke",
            "principal": "apigateway.amazonaws.com",
            "principal_org_id": null,
            "qualifier": "",
            "source_account": null,
            "source_arn": "arn:aws:execute-api:eu-west-1:772012299168:olupyd1i4a/*/*",
            "statement_id": "AllowAPIGatewayInvoke",
            "statement_id_prefix": ""
          },
          "sensitive_attributes": [],
          "identity_schema_version": 0,
          "private": "bnVsbA==",
          "dependencies": [
            "module.apigw.aws_api_gateway_rest_api.reservation_api",
            "module.apigw.aws_iam_role.lambda_role",
            "module.apigw.aws_lambda_function.active_reservation",
            "module.apigw.aws_lambda_function.cancel_reservation",
            "module.apigw.aws_lambda_function.create_reservation",
            "module.apigw.aws_lambda_function.list_reservations",
            "module.apigw.aws_lambda_function.upload_document",
            "module.apigw.data.archive_file.active_reservation_zip",
            "module.apigw.data.archive_file.cancel_reservation_zip",
            "module.apigw.data.archive_file.create_reservation_zip",
            "module.apigw.data.archive_file.list_reservations_zip",
            "module.apigw.data.archive_file.upload_document_zip",
            "module.apigw.null_resource.build_active_reservation",
            "module.apigw.null_resource.build_cancel_reservation",
            "module.apigw.null_resource.build_create_reservation",
            "module.apigw.null_resource.build_list_reservations",
            "module.apigw.null_resource.build_upload_document",
            "module.cognito.aws_cognito_user_pool.main",
            "module.dynamodb.aws_dynamodb_table.reservations"
          ]
        }
      ]
    },
    {
      "module": "module.apigw",
      "mode": "managed",
      "type": "aws_lambda_permission",
      "name": "api_gateway_create",
      "provider": "provider[\"registry.terraform.io/hashicorp/aws\"]",
      "instances": [
        {
          "schema_version": 0,
          "attributes": {
            "action": "lambda:InvokeFunction",
            "event_source_token": null,
            "function_name": "pw16-dev-create-reservation",
            "function_url_auth_type": null,
            "id": "AllowAPIGatewayInvoke",
            "principal": "apigateway.amazonaws.com",
            "principal_org_id": null,
            "qualifier": "",
            "source_account": null,
            "source_arn": "arn:aws:execute-api:eu-west-1:772012299168:olupyd1i4a/*/*",
            "statement_id": "AllowAPIGatewayInvoke",
            "statement_id_prefix": ""
          },
          "sensitive_attributes": [],
          "identity_schema_version": 0,
          "private": "bnVsbA==",
          "dependencies": [
            "module.apigw.aws_api_gateway_rest_api.reservation_api",
            "module.apigw.aws_iam_role.lambda_role",
            "module.apigw.aws_lambda_function.active_reservation",
            "module.apigw.aws_lambda_function.cancel_reservation",
            "module.apigw.aws_lambda_function.create_reservation",
            "module.apigw.aws_lambda_function.list_reservations",
            "module.apigw.aws_lambda_function.upload_document",
            "module.apigw.data.archive_file.active_reservation_zip",
            "module.apigw.data.archive_file.cancel_reservation_zip",
            "module.apigw.data.archive_file.create_reservation_zip",
            "module.apigw.data.archive_file.list_reservations_zip",
            "module.apigw.data.archive_file.upload_document_zip",
            "module.apigw.null_resource.build_active_reservation",
            "module.apigw.null_resource.build_cancel_reservation",
            "module.apigw.null_resource.build_create_reservation",
            "module.apigw.null_resource.build_list_reservations",
            "module.apigw.null_resource.build_upload_document",
            "module.cognito.aws_cognito_user_pool.main",
            "module.dynamodb.aws_dynamodb_table.reservations"
          ]
        }
      ]
    },
    {
      "module": "module.apigw",
      "mode": "managed",
      "type": "aws_lambda_permission",
      "name": "api_gateway_list",
      "provider": "provider[\"registry.terraform.io/hashicorp/aws\"]",
      "instances": [
        {
          "schema_version": 0,
          "attributes": {
            "action": "lambda:InvokeFunction",
            "event_source_token": null,
            "function_name": "pw16-dev-list-reservations",
            "function_url_auth_type": null,
            "id": "AllowAPIGatewayInvoke",
            "principal": "apigateway.amazonaws.com",
            "principal_org_id": null,
            "qualifier": "",
            "source_account": null,
            "source_arn": "arn:aws:execute-api:eu-west-1:772012299168:olupyd1i4a/*/*",
            "statement_id": "AllowAPIGatewayInvoke",
            "statement_id_prefix": ""
          },
          "sensitive_attributes": [],
          "identity_schema_version": 0,
          "private": "bnVsbA==",
          "dependencies": [
            "module.apigw.aws_api_gateway_rest_api.reservation_api",
            "module.apigw.aws_iam_role.lambda_role",
            "module.apigw.aws_lambda_function.active_reservation",
            "module.apigw.aws_lambda_function.cancel_reservation",
            "module.apigw.aws_lambda_function.create_reservation",
            "module.apigw.aws_lambda_function.list_reservations",
            "module.apigw.aws_lambda_function.upload_document",
            "module.apigw.data.archive_file.active_reservation_zip",
            "module.apigw.data.archive_file.cancel_reservation_zip",
            "module.apigw.data.archive_file.create_reservation_zip",
            "module.apigw.data.archive_file.list_reservations_zip",
            "module.apigw.data.archive_file.upload_document_zip",
            "module.apigw.null_resource.build_active_reservation",
            "module.apigw.null_resource.build_cancel_reservation",
            "module.apigw.null_resource.build_create_reservation",
            "module.apigw.null_resource.build_list_reservations",
            "module.apigw.null_resource.build_upload_document",
            "module.cognito.aws_cognito_user_pool.main",
            "module.dynamodb.aws_dynamodb_table.reservations"
          ]
        }
      ]
    },
    {
      "module": "module.apigw",
      "mode": "managed",
      "type": "aws_lambda_permission",
      "name": "api_gateway_upload_document",
      "provider": "provider[\"registry.terraform.io/hashicorp/aws\"]",
      "instances": [
        {
          "schema_version": 0,
          "attributes": {
            "action": "lambda:InvokeFunction",
            "event_source_token": null,
            "function_name": "pw16-dev-upload-document",
            "function_url_auth_type": null,
            "id": "AllowAPIGatewayInvoke",
            "principal": "apigateway.amazonaws.com",
            "principal_org_id": null,
            "qualifier": "",
            "source_account": null,
            "source_arn": "arn:aws:execute-api:eu-west-1:772012299168:olupyd1i4a/*/*",
            "statement_id": "AllowAPIGatewayInvoke",
            "statement_id_prefix": ""
          },
          "sensitive_attributes": [],
          "identity_schema_version": 0,
          "private": "bnVsbA==",
          "dependencies": [
            "module.apigw.aws_api_gateway_rest_api.reservation_api",
            "module.apigw.aws_iam_role.lambda_role",
            "module.apigw.aws_lambda_function.active_reservation",
            "module.apigw.aws_lambda_function.cancel_reservation",
            "module.apigw.aws_lambda_function.create_reservation",
            "module.apigw.aws_lambda_function.list_reservations",
            "module.apigw.aws_lambda_function.upload_document",
            "module.apigw.data.archive_file.active_reservation_zip",
            "module.apigw.data.archive_file.cancel_reservation_zip",
            "module.apigw.data.archive_file.create_reservation_zip",
            "module.apigw.data.archive_file.list_reservations_zip",
            "module.apigw.data.archive_file.upload_document_zip",
            "module.apigw.null_resource.build_active_reservation",
            "module.apigw.null_resource.build_cancel_reservation",
            "module.apigw.null_resource.build_create_reservation",
            "module.apigw.null_resource.build_list_reservations",
            "module.apigw.null_resource.build_upload_document",
            "module.cognito.aws_cognito_user_pool.main",
            "module.dynamodb.aws_dynamodb_table.reservations"
          ]
        }
      ]
    },
    {
      "module": "module.apigw",
      "mode": "managed",
      "type": "null_resource",
      "name": "build_active_reservation",
      "provider": "provider[\"registry.terraform.io/hashicorp/null\"]",
      "instances": [
        {
          "schema_version": 0,
          "attributes": {
            "id": "5152980913825390018",
            "triggers": {
              "source_hash": "15e2a7bfed3a26b1468c4719fc1eb5c3"
            }
          },
          "sensitive_attributes": [],
          "identity_schema_version": 0,
          "create_before_destroy": true
        }
      ]
    },
    {
      "module": "module.apigw",
      "mode": "managed",
      "type": "null_resource",
      "name": "build_cancel_reservation",
      "provider": "provider[\"registry.terraform.io/hashicorp/null\"]",
      "instances": [
        {
          "schema_version": 0,
          "attributes": {
            "id": "8048563335744103197",
            "triggers": {
              "source_hash": "cc8d3e61c6cf58609e060d041b2c27b4"
            }
          },
          "sensitive_attributes": [],
          "identity_schema_version": 0,
          "create_before_destroy": true
        }
      ]
    },
    {
      "module": "module.apigw",
      "mode": "managed",
      "type": "null_resource",
      "name": "build_create_reservation",
      "provider": "provider[\"registry.terraform.io/hashicorp/null\"]",
      "instances": [
        {
          "schema_version": 0,
          "attributes": {
            "id": "68952761227174328",
            "triggers": {
              "source_hash": "8e30af78ea80886e7a4968ab3cf961e5"
            }
          },
          "sensitive_attributes": [],
          "identity_schema_version": 0,
          "create_before_destroy": true
        }
      ]
    },
    {
      "module": "module.apigw",
      "mode": "managed",
      "type": "null_resource",
      "name": "build_list_reservations",
      "provider": "provider[\"registry.terraform.io/hashicorp/null\"]",
      "instances": [
        {
          "schema_version": 0,
          "attributes": {
            "id": "8132400457800345965",
            "triggers": {
              "source_hash": "73d81f7ce95de21f2ecc26dfdb480b41"
            }
          },
          "sensitive_attributes": [],
          "identity_schema_version": 0,
          "create_before_destroy": true
        }
      ]
    },
    {
      "module": "module.apigw",
      "mode": "managed",
      "type": "null_resource",
      "name": "build_upload_document",
      "provider": "provider[\"registry.terraform.io/hashicorp/null\"]",
      "instances": [
        {
          "schema_version": 0,
          "attributes": {
            "id": "4501944089692189382",
            "triggers": {
              "source_hash": "6e40394398536dbc87ba830cf8aca907"
            }
          },
          "sensitive_attributes": [],
          "identity_schema_version": 0,
          "create_before_destroy": true
        }
      ]
    },
    {
      "module": "module.cognito",
      "mode": "data",
      "type": "aws_region",
      "name": "current",
      "provider": "provider[\"registry.terraform.io/hashicorp/aws\"]",
      "instances": [
        {
          "schema_version": 0,
          "attributes": {
            "description": "Europe (Ireland)",
            "endpoint": "ec2.eu-west-1.amazonaws.com",
            "id": "eu-west-1",
            "name": "eu-west-1"
          },
          "sensitive_attributes": [],
          "identity_schema_version": 0
        }
      ]
    },
    {
      "module": "module.cognito",
      "mode": "managed",
      "type": "aws_cognito_user_pool",
      "name": "main",
      "provider": "provider[\"registry.terraform.io/hashicorp/aws\"]",
      "instances": [
        {
          "schema_version": 0,
          "attributes": {
            "account_recovery_setting": [
              {
                "recovery_mechanism": [
                  {
                    "name": "verified_email",
                    "priority": 1
                  }
                ]
              }
            ],
            "admin_create_user_config": [
              {
                "allow_admin_create_user_only": false,
                "invite_message_template": []
              }
            ],
            "alias_attributes": null,
            "arn": "arn:aws:cognito-idp:eu-west-1:772012299168:userpool/eu-west-1_0spmBx3ZJ",
            "auto_verified_attributes": [
              "email"
            ],
            "creation_date": "2026-01-16T18:39:57Z",
            "custom_domain": "",
            "deletion_protection": "INACTIVE",
            "device_configuration": [],
            "domain": "pw16-dev",
            "email_configuration": [
              {
                "configuration_set": "",
                "email_sending_account": "COGNITO_DEFAULT",
                "from_email_address": "",
                "reply_to_email_address": "",
                "source_arn": ""
              }
            ],
            "email_mfa_configuration": [],
            "email_verification_message": "Il tuo codice di verifica è: {####}",
            "email_verification_subject": "Codice di verifica - pw16",
            "endpoint": "cognito-idp.eu-west-1.amazonaws.com/eu-west-1_0spmBx3ZJ",
            "estimated_number_of_users": 2,
            "id": "eu-west-1_0spmBx3ZJ",
            "lambda_config": [],
            "last_modified_date": "2026-01-16T18:39:57Z",
            "mfa_configuration": "OFF",
            "name": "pw16",
            "password_policy": [
              {
                "minimum_length": 8,
                "password_history_size": 0,
                "require_lowercase": true,
                "require_numbers": true,
                "require_symbols": false,
                "require_uppercase": true,
                "temporary_password_validity_days": 7
              }
            ],
            "schema": [],
            "sign_in_policy": [
              {
                "allowed_first_auth_factors": [
                  "PASSWORD"
                ]
              }
            ],
            "sms_authentication_message": "",
            "sms_configuration": [],
            "sms_verification_message": "",
            "software_token_mfa_configuration": [],
            "tags": {
              "Environment": "dev",
              "ManagedBy": "terraform",
              "Project": "pw16"
            },
            "tags_all": {
              "Environment": "dev",
              "ManagedBy": "terraform",
              "Project": "pw16"
            },
            "user_attribute_update_settings": [],
            "user_pool_add_ons": [],
            "user_pool_tier": "ESSENTIALS",
            "username_attributes": [
              "email"
            ],
            "username_configuration": [],
            "verification_message_template": [
              {
                "default_email_option": "CONFIRM_WITH_CODE",
                "email_message": "Il tuo codice di verifica è: {####}",
                "email_message_by_link": "",
                "email_subject": "Codice di verifica - pw16",
                "email_subject_by_link": "",
                "sms_message": ""
              }
            ],
            "web_authn_configuration": []
          },
          "sensitive_attributes": [],
          "identity_schema_version": 0,
          "private": "bnVsbA==",
          "create_before_destroy": true
        }
      ]
    },
    {
      "module": "module.cognito",
      "mode": "managed",
      "type": "aws_cognito_user_pool_client",
      "name": "main",
      "provider": "provider[\"registry.terraform.io/hashicorp/aws\"]",
      "instances": [
        {
          "schema_version": 0,
          "attributes": {
            "access_token_validity": 60,
            "allowed_oauth_flows": [
              "code"
            ],
            "allowed_oauth_flows_user_pool_client": true,
            "allowed_oauth_scopes": [
              "email",
              "openid",
              "profile"
            ],
            "analytics_configuration": [],
            "auth_session_validity": 3,
            "callback_urls": [
              "http://localhost:5173"
            ],
            "client_secret": "",
            "default_redirect_uri": "",
            "enable_propagate_additional_user_context_data": false,
            "enable_token_revocation": true,
            "explicit_auth_flows": [
              "ALLOW_REFRESH_TOKEN_AUTH",
              "ALLOW_USER_PASSWORD_AUTH",
              "ALLOW_USER_SRP_AUTH"
            ],
            "generate_secret": false,
            "id": "4n2o4ic00tjv92jcmef22u679a",
            "id_token_validity": 60,
            "logout_urls": [
              "http://localhost:5173"
            ],
            "name": "pw16-client",
            "prevent_user_existence_errors": "ENABLED",
            "read_attributes": [],
            "refresh_token_rotation": [],
            "refresh_token_validity": 30,
            "supported_identity_providers": [
              "COGNITO"
            ],
            "token_validity_units": [
              {
                "access_token": "minutes",
                "id_token": "minutes",
                "refresh_token": "days"
              }
            ],
            "user_pool_id": "eu-west-1_0spmBx3ZJ",
            "write_attributes": []
          },
          "sensitive_attributes": [
            [
              {
                "type": "get_attr",
                "value": "client_secret"
              }
            ]
          ],
          "identity_schema_version": 0,
          "dependencies": [
            "module.cognito.aws_cognito_user_pool.main"
          ]
        }
      ]
    },
    {
      "module": "module.cognito",
      "mode": "managed",
      "type": "aws_cognito_user_pool_domain",
      "name": "main",
      "provider": "provider[\"registry.terraform.io/hashicorp/aws\"]",
      "instances": [
        {
          "schema_version": 0,
          "attributes": {
            "aws_account_id": "772012299168",
            "certificate_arn": "",
            "cloudfront_distribution": "d2uqej7bo24sqa.cloudfront.net",
            "cloudfront_distribution_arn": "d2uqej7bo24sqa.cloudfront.net",
            "cloudfront_distribution_zone_id": "Z2FDTNDATAQYW2",
            "domain": "pw16-dev",
            "id": "pw16-dev",
            "managed_login_version": 1,
            "s3_bucket": "aws-cognito-prod-dub-assets",
            "user_pool_id": "eu-west-1_0spmBx3ZJ",
            "version": "20260116183958"
          },
          "sensitive_attributes": [],
          "identity_schema_version": 0,
          "private": "bnVsbA==",
          "dependencies": [
            "module.cognito.aws_cognito_user_pool.main"
          ]
        }
      ]
    },
    {
      "module": "module.dynamodb",
      "mode": "managed",
      "type": "aws_dynamodb_table",
      "name": "reservations",
      "provider": "provider[\"registry.terraform.io/hashicorp/aws\"]",
      "instances": [
        {
          "schema_version": 1,
          "attributes": {
            "arn": "arn:aws:dynamodb:eu-west-1:772012299168:table/pw16-dev-reservations",
            "attribute": [
              {
                "name": "PK",
                "type": "S"
              },
              {
                "name": "SK",
                "type": "S"
              },
              {
                "name": "date",
                "type": "S"
              },
              {
                "name": "status",
                "type": "S"
              }
            ],
            "billing_mode": "PAY_PER_REQUEST",
            "deletion_protection_enabled": false,
            "global_secondary_index": [
              {
                "hash_key": "PK",
                "name": "DateIndex",
                "non_key_attributes": [],
                "on_demand_throughput": [],
                "projection_type": "ALL",
                "range_key": "date",
                "read_capacity": 0,
                "write_capacity": 0
              },
              {
                "hash_key": "PK",
                "name": "StatusIndex",
                "non_key_attributes": [],
                "on_demand_throughput": [],
                "projection_type": "ALL",
                "range_key": "status",
                "read_capacity": 0,
                "write_capacity": 0
              }
            ],
            "hash_key": "PK",
            "id": "pw16-dev-reservations",
            "import_table": [],
            "local_secondary_index": [],
            "name": "pw16-dev-reservations",
            "on_demand_throughput": [],
            "point_in_time_recovery": [
              {
                "enabled": false,
                "recovery_period_in_days": 0
              }
            ],
            "range_key": "SK",
            "read_capacity": 0,
            "replica": [],
            "restore_date_time": null,
            "restore_source_name": null,
            "restore_source_table_arn": null,
            "restore_to_latest_time": null,
            "server_side_encryption": [],
            "stream_arn": "",
            "stream_enabled": false,
            "stream_label": "",
            "stream_view_type": "",
            "table_class": "STANDARD",
            "tags": {
              "Description": "DynamoDB table for medical reservations",
              "Name": "pw16-dev-reservations"
            },
            "tags_all": {
              "Description": "DynamoDB table for medical reservations",
              "Environment": "dev",
              "ManagedBy": "terraform",
              "Name": "pw16-dev-reservations",
              "Project": "pw16"
            },
            "timeouts": null,
            "ttl": [
              {
                "attribute_name": "ttl",
                "enabled": true
              }
            ],
            "write_capacity": 0
          },
          "sensitive_attributes": [],
          "identity_schema_version": 0,
          "private": "eyJlMmJmYjczMC1lY2FhLTExZTYtOGY4OC0zNDM2M2JjN2M0YzAiOnsiY3JlYXRlIjoxODAwMDAwMDAwMDAwLCJkZWxldGUiOjYwMDAwMDAwMDAwMCwidXBkYXRlIjozNjAwMDAwMDAwMDAwfSwic2NoZW1hX3ZlcnNpb24iOiIxIn0=",
          "create_before_destroy": true
        }
      ]
    },
    {
      "module": "module.webhosting",
      "mode": "managed",
      "type": "aws_cloudfront_distribution",
      "name": "frontend",
      "provider": "provider[\"registry.terraform.io/hashicorp/aws\"]",
      "instances": [
        {
          "schema_version": 1,
          "attributes": {
            "aliases": [],
            "arn": "arn:aws:cloudfront::772012299168:distribution/E329Q515YRTEJ2",
            "caller_reference": "terraform-20260119175545182900000002",
            "comment": "",
            "continuous_deployment_policy_id": "",
            "custom_error_response": [
              {
                "error_caching_min_ttl": 0,
                "error_code": 403,
                "response_code": 200,
                "response_page_path": "/index.html"
              },
              {
                "error_caching_min_ttl": 0,
                "error_code": 404,
                "response_code": 200,
                "response_page_path": "/index.html"
              }
            ],
            "default_cache_behavior": [
              {
                "allowed_methods": [
                  "GET",
                  "HEAD",
                  "OPTIONS"
                ],
                "cache_policy_id": "",
                "cached_methods": [
                  "GET",
                  "HEAD"
                ],
                "compress": true,
                "default_ttl": 3600,
                "field_level_encryption_id": "",
                "forwarded_values": [
                  {
                    "cookies": [
                      {
                        "forward": "none",
                        "whitelisted_names": []
                      }
                    ],
                    "headers": [],
                    "query_string": false,
                    "query_string_cache_keys": []
                  }
                ],
                "function_association": [],
                "grpc_config": [
                  {
                    "enabled": false
                  }
                ],
                "lambda_function_association": [],
                "max_ttl": 86400,
                "min_ttl": 0,
                "origin_request_policy_id": "",
                "realtime_log_config_arn": "",
                "response_headers_policy_id": "",
                "smooth_streaming": false,
                "target_origin_id": "S3-pw16-dev-frontend",
                "trusted_key_groups": [],
                "trusted_signers": [],
                "viewer_protocol_policy": "redirect-to-https"
              }
            ],
            "default_root_object": "index.html",
            "domain_name": "d1vh2f51t24dzb.cloudfront.net",
            "enabled": true,
            "etag": "E9HOPIZTY5XER",
            "hosted_zone_id": "Z2FDTNDATAQYW2",
            "http_version": "http2",
            "id": "E329Q515YRTEJ2",
            "in_progress_validation_batches": 0,
            "is_ipv6_enabled": true,
            "last_modified_time": "2026-01-19 18:11:28.396 +0000 UTC",
            "logging_config": [],
            "ordered_cache_behavior": [],
            "origin": [
              {
                "connection_attempts": 3,
                "connection_timeout": 10,
                "custom_header": [],
                "custom_origin_config": [],
                "domain_name": "pw16-dev-frontend.s3.eu-west-1.amazonaws.com",
                "origin_access_control_id": "EFR9QC411NDND",
                "origin_id": "S3-pw16-dev-frontend",
                "origin_path": "",
                "origin_shield": [],
                "s3_origin_config": [],
                "vpc_origin_config": []
              }
            ],
            "origin_group": [],
            "price_class": "PriceClass_100",
            "restrictions": [
              {
                "geo_restriction": [
                  {
                    "locations": [],
                    "restriction_type": "none"
                  }
                ]
              }
            ],
            "retain_on_delete": false,
            "staging": false,
            "status": "Deployed",
            "tags": {
              "Environment": "dev",
              "Name": "pw16-dev-frontend-cdn",
              "Project": "pw16"
            },
            "tags_all": {
              "Environment": "dev",
              "ManagedBy": "terraform",
              "Name": "pw16-dev-frontend-cdn",
              "Project": "pw16"
            },
            "trusted_key_groups": [
              {
                "enabled": false,
                "items": []
              }
            ],
            "trusted_signers": [
              {
                "enabled": false,
                "items": []
              }
            ],
            "viewer_certificate": [
              {
                "acm_certificate_arn": "",
                "cloudfront_default_certificate": true,
                "iam_certificate_id": "",
                "minimum_protocol_version": "TLSv1",
                "ssl_support_method": ""
              }
            ],
            "wait_for_deployment": true,
            "web_acl_id": ""
          },
          "sensitive_attributes": [],
          "identity_schema_version": 0,
          "private": "eyJzY2hlbWFfdmVyc2lvbiI6IjEifQ==",
          "dependencies": [
            "module.webhosting.aws_cloudfront_origin_access_control.frontend",
            "module.webhosting.aws_s3_bucket.frontend"
          ]
        }
      ]
    },
    {
      "module": "module.webhosting",
      "mode": "managed",
      "type": "aws_cloudfront_origin_access_control",
      "name": "frontend",
      "provider": "provider[\"registry.terraform.io/hashicorp/aws\"]",
      "instances": [
        {
          "schema_version": 0,
          "attributes": {
            "arn": "arn:aws:cloudfront::772012299168:origin-access-control/EFR9QC411NDND",
            "description": "OAC per S3 frontend bucket",
            "etag": "ETVPDKIKX0DER",
            "id": "EFR9QC411NDND",
            "name": "pw16-dev-frontend-oac",
            "origin_access_control_origin_type": "s3",
            "signing_behavior": "always",
            "signing_protocol": "sigv4"
          },
          "sensitive_attributes": [],
          "identity_schema_version": 0,
          "private": "bnVsbA=="
        }
      ]
    },
    {
      "module": "module.webhosting",
      "mode": "managed",
      "type": "aws_s3_bucket",
      "name": "frontend",
      "provider": "provider[\"registry.terraform.io/hashicorp/aws\"]",
      "instances": [
        {
          "schema_version": 0,
          "attributes": {
            "acceleration_status": "",
            "acl": null,
            "arn": "arn:aws:s3:::pw16-dev-frontend",
            "bucket": "pw16-dev-frontend",
            "bucket_domain_name": "pw16-dev-frontend.s3.amazonaws.com",
            "bucket_prefix": "",
            "bucket_regional_domain_name": "pw16-dev-frontend.s3.eu-west-1.amazonaws.com",
            "cors_rule": [],
            "force_destroy": false,
            "grant": [
              {
                "id": "67dc330ee6c3cf5c6f2391036bff0e16dbbec1503052d6ce357ebc2e4f55aa5f",
                "permissions": [
                  "FULL_CONTROL"
                ],
                "type": "CanonicalUser",
                "uri": ""
              }
            ],
            "hosted_zone_id": "Z1BKCTXD74EZPE",
            "id": "pw16-dev-frontend",
            "lifecycle_rule": [],
            "logging": [],
            "object_lock_configuration": [],
            "object_lock_enabled": false,
            "policy": "{\"Statement\":[{\"Action\":\"s3:GetObject\",\"Condition\":{\"StringEquals\":{\"AWS:SourceArn\":\"arn:aws:cloudfront::772012299168:distribution/E329Q515YRTEJ2\"}},\"Effect\":\"Allow\",\"Principal\":{\"Service\":\"cloudfront.amazonaws.com\"},\"Resource\":\"arn:aws:s3:::pw16-dev-frontend/*\",\"Sid\":\"AllowCloudFrontServicePrincipal\"}],\"Version\":\"2012-10-17\"}",
            "region": "eu-west-1",
            "replication_configuration": [],
            "request_payer": "BucketOwner",
            "server_side_encryption_configuration": [
              {
                "rule": [
                  {
                    "apply_server_side_encryption_by_default": [
                      {
                        "kms_master_key_id": "",
                        "sse_algorithm": "AES256"
                      }
                    ],
                    "bucket_key_enabled": false
                  }
                ]
              }
            ],
            "tags": {
              "Environment": "dev",
              "Name": "pw16-dev-frontend",
              "Project": "pw16"
            },
            "tags_all": {
              "Environment": "dev",
              "ManagedBy": "terraform",
              "Name": "pw16-dev-frontend",
              "Project": "pw16"
            },
            "timeouts": null,
            "versioning": [
              {
                "enabled": false,
                "mfa_delete": false
              }
            ],
            "website": [
              {
                "error_document": "index.html",
                "index_document": "index.html",
                "redirect_all_requests_to": "",
                "routing_rules": ""
              }
            ],
            "website_domain": "s3-website-eu-west-1.amazonaws.com",
            "website_endpoint": "pw16-dev-frontend.s3-website-eu-west-1.amazonaws.com"
          },
          "sensitive_attributes": [],
          "identity_schema_version": 0,
          "private": "eyJlMmJmYjczMC1lY2FhLTExZTYtOGY4OC0zNDM2M2JjN2M0YzAiOnsiY3JlYXRlIjoxMjAwMDAwMDAwMDAwLCJkZWxldGUiOjM2MDAwMDAwMDAwMDAsInJlYWQiOjEyMDAwMDAwMDAwMDAsInVwZGF0ZSI6MTIwMDAwMDAwMDAwMH19"
        }
      ]
    },
    {
      "module": "module.webhosting",
      "mode": "managed",
      "type": "aws_s3_bucket_policy",
      "name": "frontend",
      "provider": "provider[\"registry.terraform.io/hashicorp/aws\"]",
      "instances": [
        {
          "schema_version": 0,
          "attributes": {
            "bucket": "pw16-dev-frontend",
            "id": "pw16-dev-frontend",
            "policy": "{\"Statement\":[{\"Action\":\"s3:GetObject\",\"Condition\":{\"StringEquals\":{\"AWS:SourceArn\":\"arn:aws:cloudfront::772012299168:distribution/E329Q515YRTEJ2\"}},\"Effect\":\"Allow\",\"Principal\":{\"Service\":\"cloudfront.amazonaws.com\"},\"Resource\":\"arn:aws:s3:::pw16-dev-frontend/*\",\"Sid\":\"AllowCloudFrontServicePrincipal\"}],\"Version\":\"2012-10-17\"}"
          },
          "sensitive_attributes": [],
          "identity_schema_version": 0,
          "private": "bnVsbA==",
          "dependencies": [
            "module.webhosting.aws_cloudfront_distribution.frontend",
            "module.webhosting.aws_cloudfront_origin_access_control.frontend",
            "module.webhosting.aws_s3_bucket.frontend",
            "module.webhosting.aws_s3_bucket_public_access_block.frontend"
          ]
        }
      ]
    },
    {
      "module": "module.webhosting",
      "mode": "managed",
      "type": "aws_s3_bucket_public_access_block",
      "name": "frontend",
      "provider": "provider[\"registry.terraform.io/hashicorp/aws\"]",
      "instances": [
        {
          "schema_version": 0,
          "attributes": {
            "block_public_acls": true,
            "block_public_policy": true,
            "bucket": "pw16-dev-frontend",
            "id": "pw16-dev-frontend",
            "ignore_public_acls": true,
            "restrict_public_buckets": true
          },
          "sensitive_attributes": [],
          "identity_schema_version": 0,
          "private": "bnVsbA==",
          "dependencies": [
            "module.webhosting.aws_s3_bucket.frontend"
          ]
        }
      ]
    },
    {
      "module": "module.webhosting",
      "mode": "managed",
      "type": "aws_s3_bucket_server_side_encryption_configuration",
      "name": "frontend",
      "provider": "provider[\"registry.terraform.io/hashicorp/aws\"]",
      "instances": [
        {
          "schema_version": 0,
          "attributes": {
            "bucket": "pw16-dev-frontend",
            "expected_bucket_owner": "",
            "id": "pw16-dev-frontend",
            "rule": [
              {
                "apply_server_side_encryption_by_default": [
                  {
                    "kms_master_key_id": "",
                    "sse_algorithm": "AES256"
                  }
                ],
                "bucket_key_enabled": false
              }
            ]
          },
          "sensitive_attributes": [],
          "identity_schema_version": 0,
          "private": "bnVsbA==",
          "dependencies": [
            "module.webhosting.aws_s3_bucket.frontend"
          ]
        }
      ]
    },
    {
      "module": "module.webhosting",
      "mode": "managed",
      "type": "aws_s3_bucket_versioning",
      "name": "frontend",
      "provider": "provider[\"registry.terraform.io/hashicorp/aws\"]",
      "instances": [
        {
          "schema_version": 0,
          "attributes": {
            "bucket": "pw16-dev-frontend",
            "expected_bucket_owner": "",
            "id": "pw16-dev-frontend",
            "mfa": null,
            "versioning_configuration": [
              {
                "mfa_delete": "",
                "status": "Disabled"
              }
            ]
          },
          "sensitive_attributes": [],
          "identity_schema_version": 0,
          "private": "bnVsbA==",
          "dependencies": [
            "module.webhosting.aws_s3_bucket.frontend"
          ]
        }
      ]
    },
    {
      "module": "module.webhosting",
      "mode": "managed",
      "type": "aws_s3_bucket_website_configuration",
      "name": "frontend",
      "provider": "provider[\"registry.terraform.io/hashicorp/aws\"]",
      "instances": [
        {
          "schema_version": 0,
          "attributes": {
            "bucket": "pw16-dev-frontend",
            "error_document": [
              {
                "key": "index.html"
              }
            ],
            "expected_bucket_owner": "",
            "id": "pw16-dev-frontend",
            "index_document": [
              {
                "suffix": "index.html"
              }
            ],
            "redirect_all_requests_to": [],
            "routing_rule": [],
            "routing_rules": "",
            "website_domain": "s3-website-eu-west-1.amazonaws.com",
            "website_endpoint": "pw16-dev-frontend.s3-website-eu-west-1.amazonaws.com"
          },
          "sensitive_attributes": [],
          "identity_schema_version": 0,
          "private": "bnVsbA==",
          "dependencies": [
            "module.webhosting.aws_s3_bucket.frontend"
          ]
        }
      ]
    }
  ],
  "check_results": null
}
